
Microsoft Visual Studio Solution File, Format Version 11.00
# Visual Studio 2010
Project("{FAE04EC0-301F-11D3-BF4B-00C04F79EFBC}") = "PrototypeHumaginePageModel", "PrototypeHumaginePageModel\PrototypeHumaginePageModel.csproj", "{B19C4E15-EDD3-403E-A69F-0E7454EC55BC}"
EndProject
Global
	GlobalSection(SolutionConfigurationPlatforms) = preSolution
		Debug|Any CPU = Debug|Any CPU
		Release|Any CPU = Release|Any CPU
	EndGlobalSection
	GlobalSection(ProjectConfigurationPlatforms) = postSolution
		{B19C4E15-EDD3-403E-A69F-0E7454EC55BC}.Debug|Any CPU.ActiveCfg = Debug|Any CPU
		{B19C4E15-EDD3-403E-A69F-0E7454EC55BC}.Debug|Any CPU.Build.0 = Debug|Any CPU
		{B19C4E15-EDD3-403E-A69F-0E7454EC55BC}.Release|Any CPU.ActiveCfg = Release|Any CPU
		{B19C4E15-EDD3-403E-A69F-0E7454EC55BC}.Release|Any CPU.Build.0 = Release|Any CPU
	EndGlobalSection
	GlobalSection(SolutionProperties) = preSolution
		HideSolutionNode = FALSE
	EndGlobalSection
EndGlobal
