
Microsoft Visual Studio Solution File, Format Version 12.00
# Visual Studio 2012
Project("{FAE04EC0-301F-11D3-BF4B-00C04F79EFBC}") = "TestMVC4Website", "TestMVC4Website\TestMVC4Website.csproj", "{D27A865E-4EF7-4901-9113-3318F31056D1}"
EndProject
Global
	GlobalSection(SolutionConfigurationPlatforms) = preSolution
		Debug|Any CPU = Debug|Any CPU
		Release|Any CPU = Release|Any CPU
	EndGlobalSection
	GlobalSection(ProjectConfigurationPlatforms) = postSolution
		{D27A865E-4EF7-4901-9113-3318F31056D1}.Debug|Any CPU.ActiveCfg = Debug|Any CPU
		{D27A865E-4EF7-4901-9113-3318F31056D1}.Debug|Any CPU.Build.0 = Debug|Any CPU
		{D27A865E-4EF7-4901-9113-3318F31056D1}.Release|Any CPU.ActiveCfg = Release|Any CPU
		{D27A865E-4EF7-4901-9113-3318F31056D1}.Release|Any CPU.Build.0 = Release|Any CPU
	EndGlobalSection
	GlobalSection(SolutionProperties) = preSolution
		HideSolutionNode = FALSE
	EndGlobalSection
EndGlobal
